
Microsoft Visual Studio Solution File, Format Version 12.00
# Visual Studio Version 16
VisualStudioVersion = 16.0.29806.167
MinimumVisualStudioVersion = 10.0.40219.1
Project("{FAE04EC0-301F-11D3-BF4B-00C04F79EFBC}") = "DAL", "DAL\DAL.csproj", "{C50B467E-8F76-4430-8B10-198463F6B8FC}"
EndProject
Project("{FAE04EC0-301F-11D3-BF4B-00C04F79EFBC}") = "BLL", "BLL\BLL.csproj", "{0C1FA1C3-8492-4590-88C0-BA072F6EB73A}"
EndProject
Project("{FAE04EC0-301F-11D3-BF4B-00C04F79EFBC}") = "Entidades", "Entidades\Entidades.csproj", "{F56BEBE1-018D-4DEB-9567-F82F2DBB6264}"
EndProject
Project("{FAE04EC0-301F-11D3-BF4B-00C04F79EFBC}") = "Presentacion", "Presentacion\Presentacion.csproj", "{5CB69B30-C7CE-45AC-9EBB-74C8025F4F37}"
EndProject
Project("{FAE04EC0-301F-11D3-BF4B-00C04F79EFBC}") = "FacturacionElectronica", "FacturacionElectronica\FacturacionElectronica.csproj", "{00F4B8BA-91C9-4390-A1F3-8569127570C5}"
EndProject
Project("{2150E333-8FDC-42A3-9474-1A3956D46DE8}") = "Solution Items", "Solution Items", "{A14F37CF-6BE0-4708-AC8A-652E224003F2}"
	ProjectSection(SolutionItems) = preProject
		.editorconfig = .editorconfig
	EndProjectSection
EndProject
Global
	GlobalSection(SolutionConfigurationPlatforms) = preSolution
		Debug|Any CPU = Debug|Any CPU
		Release|Any CPU = Release|Any CPU
	EndGlobalSection
	GlobalSection(ProjectConfigurationPlatforms) = postSolution
		{C50B467E-8F76-4430-8B10-198463F6B8FC}.Debug|Any CPU.ActiveCfg = Debug|Any CPU
		{C50B467E-8F76-4430-8B10-198463F6B8FC}.Debug|Any CPU.Build.0 = Debug|Any CPU
		{C50B467E-8F76-4430-8B10-198463F6B8FC}.Release|Any CPU.ActiveCfg = Release|Any CPU
		{C50B467E-8F76-4430-8B10-198463F6B8FC}.Release|Any CPU.Build.0 = Release|Any CPU
		{0C1FA1C3-8492-4590-88C0-BA072F6EB73A}.Debug|Any CPU.ActiveCfg = Debug|Any CPU
		{0C1FA1C3-8492-4590-88C0-BA072F6EB73A}.Debug|Any CPU.Build.0 = Debug|Any CPU
		{0C1FA1C3-8492-4590-88C0-BA072F6EB73A}.Release|Any CPU.ActiveCfg = Release|Any CPU
		{0C1FA1C3-8492-4590-88C0-BA072F6EB73A}.Release|Any CPU.Build.0 = Release|Any CPU
		{F56BEBE1-018D-4DEB-9567-F82F2DBB6264}.Debug|Any CPU.ActiveCfg = Debug|Any CPU
		{F56BEBE1-018D-4DEB-9567-F82F2DBB6264}.Debug|Any CPU.Build.0 = Debug|Any CPU
		{F56BEBE1-018D-4DEB-9567-F82F2DBB6264}.Release|Any CPU.ActiveCfg = Release|Any CPU
		{F56BEBE1-018D-4DEB-9567-F82F2DBB6264}.Release|Any CPU.Build.0 = Release|Any CPU
		{5CB69B30-C7CE-45AC-9EBB-74C8025F4F37}.Debug|Any CPU.ActiveCfg = Debug|Any CPU
		{5CB69B30-C7CE-45AC-9EBB-74C8025F4F37}.Debug|Any CPU.Build.0 = Debug|Any CPU
		{5CB69B30-C7CE-45AC-9EBB-74C8025F4F37}.Release|Any CPU.ActiveCfg = Release|Any CPU
		{5CB69B30-C7CE-45AC-9EBB-74C8025F4F37}.Release|Any CPU.Build.0 = Release|Any CPU
		{00F4B8BA-91C9-4390-A1F3-8569127570C5}.Debug|Any CPU.ActiveCfg = Debug|Any CPU
		{00F4B8BA-91C9-4390-A1F3-8569127570C5}.Debug|Any CPU.Build.0 = Debug|Any CPU
		{00F4B8BA-91C9-4390-A1F3-8569127570C5}.Release|Any CPU.ActiveCfg = Release|Any CPU
		{00F4B8BA-91C9-4390-A1F3-8569127570C5}.Release|Any CPU.Build.0 = Release|Any CPU
	EndGlobalSection
	GlobalSection(SolutionProperties) = preSolution
		HideSolutionNode = FALSE
	EndGlobalSection
	GlobalSection(ExtensibilityGlobals) = postSolution
		SolutionGuid = {7AFE72F2-F366-4AAB-973D-1F99FFBDAEC3}
	EndGlobalSection
EndGlobal
